PushBlock:
    measure: reward
    thresholds: [4, 4, 4, 4.2, 4.6]
    min_lesson_length: 100
    signal_smoothing: true
    parameters:
        max_steps:  [5000, 4000, 4000, 3000, 2000, 1500]
        level:      [0,    1,    1,    2,    3,    3]
        ball_type:  [1,    1,    2,    2,    2,    2] # 1=block, 2=ball
        ray_length: [15,  25,   25,   40,   50,   50]
